
Microsoft Visual Studio Solution File, Format Version 12.00
# Visual Studio Version 17
VisualStudioVersion = 17.6.33829.357
MinimumVisualStudioVersion = 10.0.40219.1
Project("{FAE04EC0-301F-11D3-BF4B-00C04F79EFBC}") = "convertDouble2", "convertDouble2\convertDouble2.csproj", "{7E80E4A0-A886-4B76-985A-8A6F85632DEC}"
EndProject
Global
	GlobalSection(SolutionConfigurationPlatforms) = preSolution
		Debug|Any CPU = Debug|Any CPU
		Release|Any CPU = Release|Any CPU
	EndGlobalSection
	GlobalSection(ProjectConfigurationPlatforms) = postSolution
		{7E80E4A0-A886-4B76-985A-8A6F85632DEC}.Debug|Any CPU.ActiveCfg = Debug|Any CPU
		{7E80E4A0-A886-4B76-985A-8A6F85632DEC}.Debug|Any CPU.Build.0 = Debug|Any CPU
		{7E80E4A0-A886-4B76-985A-8A6F85632DEC}.Release|Any CPU.ActiveCfg = Release|Any CPU
		{7E80E4A0-A886-4B76-985A-8A6F85632DEC}.Release|Any CPU.Build.0 = Release|Any CPU
	EndGlobalSection
	GlobalSection(SolutionProperties) = preSolution
		HideSolutionNode = FALSE
	EndGlobalSection
	GlobalSection(ExtensibilityGlobals) = postSolution
		SolutionGuid = {EF47DB81-56F5-4959-8DA4-7AB6ECA43ABE}
	EndGlobalSection
EndGlobal
